
Microsoft Visual Studio Solution File, Format Version 12.00
# Visual Studio Version 16
VisualStudioVersion = 16.0.32228.343
MinimumVisualStudioVersion = 10.0.40219.1
Project("{9A19103F-16F7-4668-BE54-9A1E7A4F7556}") = "JobLessonOOP02Part02v01", "JobLessonOOP02Part01v01\JobLessonOOP02Part02v01.csproj", "{2D632AF7-2FC7-4936-B876-204685F8C350}"
EndProject
Global
	GlobalSection(SolutionConfigurationPlatforms) = preSolution
		Debug|Any CPU = Debug|Any CPU
		Release|Any CPU = Release|Any CPU
	EndGlobalSection
	GlobalSection(ProjectConfigurationPlatforms) = postSolution
		{2D632AF7-2FC7-4936-B876-204685F8C350}.Debug|Any CPU.ActiveCfg = Debug|Any CPU
		{2D632AF7-2FC7-4936-B876-204685F8C350}.Debug|Any CPU.Build.0 = Debug|Any CPU
		{2D632AF7-2FC7-4936-B876-204685F8C350}.Release|Any CPU.ActiveCfg = Release|Any CPU
		{2D632AF7-2FC7-4936-B876-204685F8C350}.Release|Any CPU.Build.0 = Release|Any CPU
	EndGlobalSection
	GlobalSection(SolutionProperties) = preSolution
		HideSolutionNode = FALSE
	EndGlobalSection
	GlobalSection(ExtensibilityGlobals) = postSolution
		SolutionGuid = {91A175D7-E785-4304-8047-DDFC6EFBF442}
	EndGlobalSection
EndGlobal
